
Microsoft Visual Studio Solution File, Format Version 12.00
# Visual Studio 15
VisualStudioVersion = 15.0.27703.2042
MinimumVisualStudioVersion = 10.0.40219.1
Project("{8BC9CEB8-8B4A-11D0-8D11-00A0C91BC942}") = "CPPRoad", "CPPRoad\CPPRoad.vcxproj", "{179D7164-5DC6-4663-8238-AC3AA1098633}"
EndProject
Global
	GlobalSection(SolutionConfigurationPlatforms) = preSolution
		Debug|x64 = Debug|x64
		Debug|x86 = Debug|x86
		Release|x64 = Release|x64
		Release|x86 = Release|x86
	EndGlobalSection
	GlobalSection(ProjectConfigurationPlatforms) = postSolution
		{179D7164-5DC6-4663-8238-AC3AA1098633}.Debug|x64.ActiveCfg = Debug|x64
		{179D7164-5DC6-4663-8238-AC3AA1098633}.Debug|x64.Build.0 = Debug|x64
		{179D7164-5DC6-4663-8238-AC3AA1098633}.Debug|x86.ActiveCfg = Debug|Win32
		{179D7164-5DC6-4663-8238-AC3AA1098633}.Debug|x86.Build.0 = Debug|Win32
		{179D7164-5DC6-4663-8238-AC3AA1098633}.Release|x64.ActiveCfg = Release|x64
		{179D7164-5DC6-4663-8238-AC3AA1098633}.Release|x64.Build.0 = Release|x64
		{179D7164-5DC6-4663-8238-AC3AA1098633}.Release|x86.ActiveCfg = Release|Win32
		{179D7164-5DC6-4663-8238-AC3AA1098633}.Release|x86.Build.0 = Release|Win32
	EndGlobalSection
	GlobalSection(SolutionProperties) = preSolution
		HideSolutionNode = FALSE
	EndGlobalSection
	GlobalSection(ExtensibilityGlobals) = postSolution
		SolutionGuid = {4CCEDC0E-939F-4517-BFD6-B2B6A8D89D30}
	EndGlobalSection
EndGlobal
