
Microsoft Visual Studio Solution File, Format Version 12.00
# Visual Studio 15
VisualStudioVersion = 15.0.27703.2042
MinimumVisualStudioVersion = 10.0.40219.1
Project("{9092AA53-FB77-4645-B42D-1CCCA6BD08BD}") = "Parrot", "Parrot\Parrot.njsproj", "{AEBA5861-207F-4FCA-8C16-700B331FB298}"
EndProject
Global
	GlobalSection(SolutionConfigurationPlatforms) = preSolution
		Debug|Any CPU = Debug|Any CPU
		Release|Any CPU = Release|Any CPU
	EndGlobalSection
	GlobalSection(ProjectConfigurationPlatforms) = postSolution
		{AEBA5861-207F-4FCA-8C16-700B331FB298}.Debug|Any CPU.ActiveCfg = Debug|Any CPU
		{AEBA5861-207F-4FCA-8C16-700B331FB298}.Debug|Any CPU.Build.0 = Debug|Any CPU
		{AEBA5861-207F-4FCA-8C16-700B331FB298}.Release|Any CPU.ActiveCfg = Release|Any CPU
		{AEBA5861-207F-4FCA-8C16-700B331FB298}.Release|Any CPU.Build.0 = Release|Any CPU
	EndGlobalSection
	GlobalSection(SolutionProperties) = preSolution
		HideSolutionNode = FALSE
	EndGlobalSection
	GlobalSection(ExtensibilityGlobals) = postSolution
		SolutionGuid = {D3486465-14C0-4017-A414-E6C8ED291733}
	EndGlobalSection
EndGlobal
